
Microsoft Visual Studio Solution File, Format Version 9.00
# Visual Studio 2005
Project("{8BC9CEB8-8B4A-11D0-8D11-00A0C91BC942}") = "CalcKing", "CalcKing.vcproj", "{41C2F0E5-3158-47B6-B11F-C93462982E4D}"
EndProject
Global
	GlobalSection(SolutionConfigurationPlatforms) = preSolution
		Debug|Win32 = Debug|Win32
		Release|Win32 = Release|Win32
	EndGlobalSection
	GlobalSection(ProjectConfigurationPlatforms) = postSolution
		{41C2F0E5-3158-47B6-B11F-C93462982E4D}.Debug|Win32.ActiveCfg = Debug|Win32
		{41C2F0E5-3158-47B6-B11F-C93462982E4D}.Debug|Win32.Build.0 = Debug|Win32
		{41C2F0E5-3158-47B6-B11F-C93462982E4D}.Release|Win32.ActiveCfg = Release|Win32
		{41C2F0E5-3158-47B6-B11F-C93462982E4D}.Release|Win32.Build.0 = Release|Win32
	EndGlobalSection
	GlobalSection(SolutionProperties) = preSolution
		HideSolutionNode = FALSE
	EndGlobalSection
EndGlobal
